{
  "requires": true,
  "lockfileVersion": 1,
  "dependencies": {
    "moctionary": {
      "version": "0.0.1",
      "resolved": "https://registry.npmjs.org/moctionary/-/moctionary-0.0.1.tgz",
      "integrity": "sha512-eS0ZHwOK2t3xR0c9HOZlwjYtIokU9KiF6bKzAzNg18GbHO8j4ymZLoa7Alyu5IYlqScArdw5opVrU/AGfE8P0A=="
    }
  }
}
