{
  "name": "fictionary",
  "version": "0.1.1",
  "lockfileVersion": 1,
  "requires": true,
  "dependencies": {
    "fp-ts": {
      "version": "2.0.0",
      "resolved": "https://registry.npmjs.org/fp-ts/-/fp-ts-2.0.0.tgz",
      "integrity": "sha512-oz8L+EZiztqGVLhgdL+63b4hpfdJkEKH/4vRoS/AuUwYqmn7vHAzWMu1jtoYfB0pPxo5UioWVT2XOuftyivUSQ=="
    }
  }
}
